
Microsoft Visual Studio Solution File, Format Version 12.00
# Visual Studio Version 17
VisualStudioVersion = 17.1.32407.343
MinimumVisualStudioVersion = 10.0.40219.1
Project("{FAE04EC0-301F-11D3-BF4B-00C04F79EFBC}") = "CabinInvoiceGenerator", "CabinInvoiceGenerator.csproj", "{C1B94363-E41C-4BA0-82A8-39F6B39259FB}"
EndProject
Project("{FAE04EC0-301F-11D3-BF4B-00C04F79EFBC}") = "InvoiceGeneratorTest", "..\InvoiceGeneratorTest\InvoiceGeneratorTest.csproj", "{4C789FDA-F6E8-455A-8093-6324435BEDA8}"
EndProject
Global
	GlobalSection(SolutionConfigurationPlatforms) = preSolution
		Debug|Any CPU = Debug|Any CPU
		Release|Any CPU = Release|Any CPU
	EndGlobalSection
	GlobalSection(ProjectConfigurationPlatforms) = postSolution
		{C1B94363-E41C-4BA0-82A8-39F6B39259FB}.Debug|Any CPU.ActiveCfg = Debug|Any CPU
		{C1B94363-E41C-4BA0-82A8-39F6B39259FB}.Debug|Any CPU.Build.0 = Debug|Any CPU
		{C1B94363-E41C-4BA0-82A8-39F6B39259FB}.Release|Any CPU.ActiveCfg = Release|Any CPU
		{C1B94363-E41C-4BA0-82A8-39F6B39259FB}.Release|Any CPU.Build.0 = Release|Any CPU
		{4C789FDA-F6E8-455A-8093-6324435BEDA8}.Debug|Any CPU.ActiveCfg = Debug|Any CPU
		{4C789FDA-F6E8-455A-8093-6324435BEDA8}.Debug|Any CPU.Build.0 = Debug|Any CPU
		{4C789FDA-F6E8-455A-8093-6324435BEDA8}.Release|Any CPU.ActiveCfg = Release|Any CPU
		{4C789FDA-F6E8-455A-8093-6324435BEDA8}.Release|Any CPU.Build.0 = Release|Any CPU
	EndGlobalSection
	GlobalSection(SolutionProperties) = preSolution
		HideSolutionNode = FALSE
	EndGlobalSection
	GlobalSection(ExtensibilityGlobals) = postSolution
		SolutionGuid = {927DFF28-599A-4A40-9645-8FBD85104099}
	EndGlobalSection
EndGlobal
